// !$*UTF8*$!
{
	archiveVersion = 1;
	classes = {
	};
	objectVersion = 46;
	objects = {

/* Begin PBXBuildFile section */
		7B21A11F1E1F6F1E00D46A36 /* AppDelegate.swift in Sources */ = {isa = PBXBuildFile; fileRef = 7B21A11E1E1F6F1E00D46A36 /* AppDelegate.swift */; };
		7B21A1241E1F6F1E00D46A36 /* Main.storyboard in Resources */ = {isa = PBXBuildFile; fileRef = 7B21A1221E1F6F1E00D46A36 /* Main.storyboard */; };
		7B21A1261E1F6F1E00D46A36 /* Assets.xcassets in Resources */ = {isa = PBXBuildFile; fileRef = 7B21A1251E1F6F1E00D46A36 /* Assets.xcassets */; };
		7B21A1291E1F6F1E00D46A36 /* LaunchScreen.storyboard in Resources */ = {isa = PBXBuildFile; fileRef = 7B21A1271E1F6F1E00D46A36 /* LaunchScreen.storyboard */; };
		7B21A1331E1F749900D46A36 /* Events.plist in Resources */ = {isa = PBXBuildFile; fileRef = 7B21A1321E1F749900D46A36 /* Events.plist */; };
		7B5744711E6AF8BC00435965 /* EventViewController.swift in Sources */ = {isa = PBXBuildFile; fileRef = 7B5744701E6AF8BC00435965 /* EventViewController.swift */; };
		7B5744731E6B013000435965 /* DataTableViewController.swift in Sources */ = {isa = PBXBuildFile; fileRef = 7B5744721E6B013000435965 /* DataTableViewController.swift */; };
		7B9EBFC01E21E6A800222965 /* CustomTableViewCell.swift in Sources */ = {isa = PBXBuildFile; fileRef = 7B9EBFBF1E21E6A800222965 /* CustomTableViewCell.swift */; };
		7BD36D281E6D465B0012E1D8 /* MainViewController.swift in Sources */ = {isa = PBXBuildFile; fileRef = 7BD36D271E6D465B0012E1D8 /* MainViewController.swift */; };
		7BEAC5361E503FC8006E225C /* AlarmTableViewController.swift in Sources */ = {isa = PBXBuildFile; fileRef = 7BEAC5351E503FC8006E225C /* AlarmTableViewController.swift */; };
/* End PBXBuildFile section */

/* Begin PBXFileReference section */
		7B21A11B1E1F6F1E00D46A36 /* reminder.app */ = {isa = PBXFileReference; explicitFileType = wrapper.application; includeInIndex = 0; path = reminder.app; sourceTree = BUILT_PRODUCTS_DIR; };
		7B21A11E1E1F6F1E00D46A36 /* AppDelegate.swift */ = {isa = PBXFileReference; lastKnownFileType = sourcecode.swift; path = AppDelegate.swift; sourceTree = "<group>"; };
		7B21A1231E1F6F1E00D46A36 /* Base */ = {isa = PBXFileReference; lastKnownFileType = file.storyboard; name = Base; path = Base.lproj/Main.storyboard; sourceTree = "<group>"; };
		7B21A1251E1F6F1E00D46A36 /* Assets.xcassets */ = {isa = PBXFileReference; lastKnownFileType = folder.assetcatalog; path = Assets.xcassets; sourceTree = "<group>"; };
		7B21A1281E1F6F1E00D46A36 /* Base */ = {isa = PBXFileReference; lastKnownFileType = file.storyboard; name = Base; path = Base.lproj/LaunchScreen.storyboard; sourceTree = "<group>"; };
		7B21A12A1E1F6F1E00D46A36 /* Info.plist */ = {isa = PBXFileReference; lastKnownFileType = text.plist.xml; path = Info.plist; sourceTree = "<group>"; };
		7B21A1321E1F749900D46A36 /* Events.plist */ = {isa = PBXFileReference; fileEncoding = 4; lastKnownFileType = text.plist.xml; path = Events.plist; sourceTree = "<group>"; };
		7B5744701E6AF8BC00435965 /* EventViewController.swift */ = {isa = PBXFileReference; fileEncoding = 4; lastKnownFileType = sourcecode.swift; path = EventViewController.swift; sourceTree = "<group>"; };
		7B5744721E6B013000435965 /* DataTableViewController.swift */ = {isa = PBXFileReference; fileEncoding = 4; lastKnownFileType = sourcecode.swift; path = DataTableViewController.swift; sourceTree = "<group>"; };
		7B9EBFBF1E21E6A800222965 /* CustomTableViewCell.swift */ = {isa = PBXFileReference; fileEncoding = 4; lastKnownFileType = sourcecode.swift; path = CustomTableViewCell.swift; sourceTree = "<group>"; };
		7BD36D271E6D465B0012E1D8 /* MainViewController.swift */ = {isa = PBXFileReference; fileEncoding = 4; lastKnownFileType = sourcecode.swift; path = MainViewController.swift; sourceTree = "<group>"; };
		7BEAC5351E503FC8006E225C /* AlarmTableViewController.swift */ = {isa = PBXFileReference; fileEncoding = 4; lastKnownFileType = sourcecode.swift; path = AlarmTableViewController.swift; sourceTree = "<group>"; };
/* End PBXFileReference section */

/* Begin PBXFrameworksBuildPhase section */
		7B21A1181E1F6F1E00D46A36 /* Frameworks */ = {
			isa = PBXFrameworksBuildPhase;
			buildActionMask = 2147483647;
			files = (
			);
			runOnlyForDeploymentPostprocessing = 0;
		};
/* End PBXFrameworksBuildPhase section */

/* Begin PBXGroup section */
		7B21A1121E1F6F1E00D46A36 = {
			isa = PBXGroup;
			children = (
				7B21A11D1E1F6F1E00D46A36 /* reminder */,
				7B21A11C1E1F6F1E00D46A36 /* Products */,
			);
			sourceTree = "<group>";
		};
		7B21A11C1E1F6F1E00D46A36 /* Products */ = {
			isa = PBXGroup;
			children = (
				7B21A11B1E1F6F1E00D46A36 /* reminder.app */,
			);
			name = Products;
			sourceTree = "<group>";
		};
		7B21A11D1E1F6F1E00D46A36 /* reminder */ = {
			isa = PBXGroup;
			children = (
				7B21A11E1E1F6F1E00D46A36 /* AppDelegate.swift */,
				7BA944451E44C4140085C30F /* Controller */,
				7BA944461E44C4260085C30F /* View */,
				7B21A1221E1F6F1E00D46A36 /* Main.storyboard */,
				7B21A1251E1F6F1E00D46A36 /* Assets.xcassets */,
				7B21A1271E1F6F1E00D46A36 /* LaunchScreen.storyboard */,
				7B21A1321E1F749900D46A36 /* Events.plist */,
				7B21A12A1E1F6F1E00D46A36 /* Info.plist */,
			);
			path = reminder;
			sourceTree = "<group>";
		};
		7BA944451E44C4140085C30F /* Controller */ = {
			isa = PBXGroup;
			children = (
				7BD36D271E6D465B0012E1D8 /* MainViewController.swift */,
				7B5744701E6AF8BC00435965 /* EventViewController.swift */,
				7BEAC5351E503FC8006E225C /* AlarmTableViewController.swift */,
				7B5744721E6B013000435965 /* DataTableViewController.swift */,
			);
			name = Controller;
			sourceTree = "<group>";
		};
		7BA944461E44C4260085C30F /* View */ = {
			isa = PBXGroup;
			children = (
				7B9EBFBF1E21E6A800222965 /* CustomTableViewCell.swift */,
			);
			name = View;
			sourceTree = "<group>";
		};
/* End PBXGroup section */

/* Begin PBXNativeTarget section */
		7B21A11A1E1F6F1E00D46A36 /* reminder */ = {
			isa = PBXNativeTarget;
			buildConfigurationList = 7B21A12D1E1F6F1E00D46A36 /* Build configuration list for PBXNativeTarget "reminder" */;
			buildPhases = (
				7B21A1171E1F6F1E00D46A36 /* Sources */,
				7B21A1181E1F6F1E00D46A36 /* Frameworks */,
				7B21A1191E1F6F1E00D46A36 /* Resources */,
			);
			buildRules = (
			);
			dependencies = (
			);
			name = reminder;
			productName = reminder;
			productReference = 7B21A11B1E1F6F1E00D46A36 /* reminder.app */;
			productType = "com.apple.product-type.application";
		};
/* End PBXNativeTarget section */

/* Begin PBXProject section */
		7B21A1131E1F6F1E00D46A36 /* Project object */ = {
			isa = PBXProject;
			attributes = {
				LastSwiftUpdateCheck = 0820;
				LastUpgradeCheck = 0820;
				ORGANIZATIONNAME = sample;
				TargetAttributes = {
					7B21A11A1E1F6F1E00D46A36 = {
						CreatedOnToolsVersion = 8.2.1;
						DevelopmentTeam = R9Y63E745F;
						ProvisioningStyle = Automatic;
					};
				};
			};
			buildConfigurationList = 7B21A1161E1F6F1E00D46A36 /* Build configuration list for PBXProject "reminder" */;
			compatibilityVersion = "Xcode 3.2";
			developmentRegion = English;
			hasScannedForEncodings = 0;
			knownRegions = (
				en,
				Base,
			);
			mainGroup = 7B21A1121E1F6F1E00D46A36;
			productRefGroup = 7B21A11C1E1F6F1E00D46A36 /* Products */;
			projectDirPath = "";
			projectRoot = "";
			targets = (
				7B21A11A1E1F6F1E00D46A36 /* reminder */,
			);
		};
/* End PBXProject section */

/* Begin PBXResourcesBuildPhase section */
		7B21A1191E1F6F1E00D46A36 /* Resources */ = {
			isa = PBXResourcesBuildPhase;
			buildActionMask = 2147483647;
			files = (
				7B21A1291E1F6F1E00D46A36 /* LaunchScreen.storyboard in Resources */,
				7B21A1261E1F6F1E00D46A36 /* Assets.xcassets in Resources */,
				7B21A1241E1F6F1E00D46A36 /* Main.storyboard in Resources */,
				7B21A1331E1F749900D46A36 /* Events.plist in Resources */,
			);
			runOnlyForDeploymentPostprocessing = 0;
		};
/* End PBXResourcesBuildPhase section */

/* Begin PBXSourcesBuildPhase section */
		7B21A1171E1F6F1E00D46A36 /* Sources */ = {
			isa = PBXSourcesBuildPhase;
			buildActionMask = 2147483647;
			files = (
				7BEAC5361E503FC8006E225C /* AlarmTableViewController.swift in Sources */,
				7B5744711E6AF8BC00435965 /* EventViewController.swift in Sources */,
				7B9EBFC01E21E6A800222965 /* CustomTableViewCell.swift in Sources */,
				7B5744731E6B013000435965 /* DataTableViewController.swift in Sources */,
				7B21A11F1E1F6F1E00D46A36 /* AppDelegate.swift in Sources */,
				7BD36D281E6D465B0012E1D8 /* MainViewController.swift in Sources */,
			);
			runOnlyForDeploymentPostprocessing = 0;
		};
/* End PBXSourcesBuildPhase section */

/* Begin PBXVariantGroup section */
		7B21A1221E1F6F1E00D46A36 /* Main.storyboard */ = {
			isa = PBXVariantGroup;
			children = (
				7B21A1231E1F6F1E00D46A36 /* Base */,
			);
			name = Main.storyboard;
			sourceTree = "<group>";
		};
		7B21A1271E1F6F1E00D46A36 /* LaunchScreen.storyboard */ = {
			isa = PBXVariantGroup;
			children = (
				7B21A1281E1F6F1E00D46A36 /* Base */,
			);
			name = LaunchScreen.storyboard;
			sourceTree = "<group>";
		};
/* End PBXVariantGroup section */

/* Begin XCBuildConfiguration section */
		7B21A12B1E1F6F1E00D46A36 /* Debug */ = {
			isa = XCBuildConfiguration;
			buildSettings = {
				ALWAYS_SEARCH_USER_PATHS = NO;
				CLANG_ANALYZER_NONNULL = YES;
				CLANG_CXX_LANGUAGE_STANDARD = "gnu++0x";
				CLANG_CXX_LIBRARY = "libc++";
				CLANG_ENABLE_MODULES = YES;
				CLANG_ENABLE_OBJC_ARC = YES;
				CLANG_WARN_BOOL_CONVERSION = YES;
				CLANG_WARN_CONSTANT_CONVERSION = YES;
				CLANG_WARN_DIRECT_OBJC_ISA_USAGE = YES_ERROR;
				CLANG_WARN_DOCUMENTATION_COMMENTS = YES;
				CLANG_WARN_EMPTY_BODY = YES;
				CLANG_WARN_ENUM_CONVERSION = YES;
				CLANG_WARN_INFINITE_RECURSION = YES;
				CLANG_WARN_INT_CONVERSION = YES;
				CLANG_WARN_OBJC_ROOT_CLASS = YES_ERROR;
				CLANG_WARN_SUSPICIOUS_MOVE = YES;
				CLANG_WARN_UNREACHABLE_CODE = YES;
				CLANG_WARN__DUPLICATE_METHOD_MATCH = YES;
				"CODE_SIGN_IDENTITY[sdk=iphoneos*]" = "iPhone Developer";
				COPY_PHASE_STRIP = NO;
				DEBUG_INFORMATION_FORMAT = dwarf;
				ENABLE_STRICT_OBJC_MSGSEND = YES;
				ENABLE_TESTABILITY = YES;
				GCC_C_LANGUAGE_STANDARD = gnu99;
				GCC_DYNAMIC_NO_PIC = NO;
				GCC_NO_COMMON_BLOCKS = YES;
				GCC_OPTIMIZATION_LEVEL = 0;
				GCC_PREPROCESSOR_DEFINITIONS = (
					"DEBUG=1",
					"$(inherited)",
				);
				GCC_WARN_64_TO_32_BIT_CONVERSION = YES;
				GCC_WARN_ABOUT_RETURN_TYPE = YES_ERROR;
				GCC_WARN_UNDECLARED_SELECTOR = YES;
				GCC_WARN_UNINITIALIZED_AUTOS = YES_AGGRESSIVE;
				GCC_WARN_UNUSED_FUNCTION = YES;
				GCC_WARN_UNUSED_VARIABLE = YES;
				IPHONEOS_DEPLOYMENT_TARGET = 10.2;
				MTL_ENABLE_DEBUG_INFO = YES;
				ONLY_ACTIVE_ARCH = YES;
				SDKROOT = iphoneos;
				SWIFT_ACTIVE_COMPILATION_CONDITIONS = DEBUG;
				SWIFT_OPTIMIZATION_LEVEL = "-Onone";
				TARGETED_DEVICE_FAMILY = "1,2";
			};
			name = Debug;
		};
		7B21A12C1E1F6F1E00D46A36 /* Release */ = {
			isa = XCBuildConfiguration;
			buildSettings = {
				ALWAYS_SEARCH_USER_PATHS = NO;
				CLANG_ANALYZER_NONNULL = YES;
				CLANG_CXX_LANGUAGE_STANDARD = "gnu++0x";
				CLANG_CXX_LIBRARY = "libc++";
				CLANG_ENABLE_MODULES = YES;
				CLANG_ENABLE_OBJC_ARC = YES;
				CLANG_WARN_BOOL_CONVERSION = YES;
				CLANG_WARN_CONSTANT_CONVERSION = YES;
				CLANG_WARN_DIRECT_OBJC_ISA_USAGE = YES_ERROR;
				CLANG_WARN_DOCUMENTATION_COMMENTS = YES;
				CLANG_WARN_EMPTY_BODY = YES;
				CLANG_WARN_ENUM_CONVERSION = YES;
				CLANG_WARN_INFINITE_RECURSION = YES;
				CLANG_WARN_INT_CONVERSION = YES;
				CLANG_WARN_OBJC_ROOT_CLASS = YES_ERROR;
				CLANG_WARN_SUSPICIOUS_MOVE = YES;
				CLANG_WARN_UNREACHABLE_CODE = YES;
				CLANG_WARN__DUPLICATE_METHOD_MATCH = YES;
				"CODE_SIGN_IDENTITY[sdk=iphoneos*]" = "iPhone Developer";
				COPY_PHASE_STRIP = NO;
				DEBUG_INFORMATION_FORMAT = "dwarf-with-dsym";
				ENABLE_NS_ASSERTIONS = NO;
				ENABLE_STRICT_OBJC_MSGSEND = YES;
				GCC_C_LANGUAGE_STANDARD = gnu99;
				GCC_NO_COMMON_BLOCKS = YES;
				GCC_WARN_64_TO_32_BIT_CONVERSION = YES;
				GCC_WARN_ABOUT_RETURN_TYPE = YES_ERROR;
				GCC_WARN_UNDECLARED_SELECTOR = YES;
				GCC_WARN_UNINITIALIZED_AUTOS = YES_AGGRESSIVE;
				GCC_WARN_UNUSED_FUNCTION = YES;
				GCC_WARN_UNUSED_VARIABLE = YES;
				IPHONEOS_DEPLOYMENT_TARGET = 10.2;
				MTL_ENABLE_DEBUG_INFO = NO;
				SDKROOT = iphoneos;
				SWIFT_OPTIMIZATION_LEVEL = "-Owholemodule";
				TARGETED_DEVICE_FAMILY = "1,2";
				VALIDATE_PRODUCT = YES;
			};
			name = Release;
		};
		7B21A12E1E1F6F1E00D46A36 /* Debug */ = {
			isa = XCBuildConfiguration;
			buildSettings = {
				ASSETCATALOG_COMPILER_APPICON_NAME = AppIcon;
				DEVELOPMENT_TEAM = R9Y63E745F;
				INFOPLIST_FILE = reminder/Info.plist;
				LD_RUNPATH_SEARCH_PATHS = "$(inherited) @executable_path/Frameworks";
				PRODUCT_BUNDLE_IDENTIFIER = sample.reminder;
				PRODUCT_NAME = "$(TARGET_NAME)";
				SWIFT_VERSION = 3.0;
			};
			name = Debug;
		};
		7B21A12F1E1F6F1E00D46A36 /* Release */ = {
			isa = XCBuildConfiguration;
			buildSettings = {
				ASSETCATALOG_COMPILER_APPICON_NAME = AppIcon;
				DEVELOPMENT_TEAM = R9Y63E745F;
				INFOPLIST_FILE = reminder/Info.plist;
				LD_RUNPATH_SEARCH_PATHS = "$(inherited) @executable_path/Frameworks";
				PRODUCT_BUNDLE_IDENTIFIER = sample.reminder;
				PRODUCT_NAME = "$(TARGET_NAME)";
				SWIFT_VERSION = 3.0;
			};
			name = Release;
		};
/* End XCBuildConfiguration section */

/* Begin XCConfigurationList section */
		7B21A1161E1F6F1E00D46A36 /* Build configuration list for PBXProject "reminder" */ = {
			isa = XCConfigurationList;
			buildConfigurations = (
				7B21A12B1E1F6F1E00D46A36 /* Debug */,
				7B21A12C1E1F6F1E00D46A36 /* Release */,
			);
			defaultConfigurationIsVisible = 0;
			defaultConfigurationName = Release;
		};
		7B21A12D1E1F6F1E00D46A36 /* Build configuration list for PBXNativeTarget "reminder" */ = {
			isa = XCConfigurationList;
			buildConfigurations = (
				7B21A12E1E1F6F1E00D46A36 /* Debug */,
				7B21A12F1E1F6F1E00D46A36 /* Release */,
			);
			defaultConfigurationIsVisible = 0;
			defaultConfigurationName = Release;
		};
/* End XCConfigurationList section */
	};
	rootObject = 7B21A1131E1F6F1E00D46A36 /* Project object */;
}
